
Microsoft Visual Studio Solution File, Format Version 12.00
# Visual Studio Version 16
VisualStudioVersion = 16.0.30204.135
MinimumVisualStudioVersion = 10.0.40219.1
Project("{FAE04EC0-301F-11D3-BF4B-00C04F79EFBC}") = "Assignment2-Solution", "Assignment2-Solution\Assignment2-Solution.csproj", "{48508453-A6BD-480F-904B-7C7B7F5D166E}"
EndProject
Project("{FAE04EC0-301F-11D3-BF4B-00C04F79EFBC}") = "TestSubject", "TestSubject\TestSubject.csproj", "{5628E869-3FF0-4F71-A8B6-73DC807E28B0}"
EndProject
Project("{FAE04EC0-301F-11D3-BF4B-00C04F79EFBC}") = "ORM", "ORM\ORM.csproj", "{609766A9-B5D6-4D71-8F4A-06D6BD1DCE97}"
EndProject
Global
	GlobalSection(SolutionConfigurationPlatforms) = preSolution
		Debug|Any CPU = Debug|Any CPU
		Release|Any CPU = Release|Any CPU
	EndGlobalSection
	GlobalSection(ProjectConfigurationPlatforms) = postSolution
		{48508453-A6BD-480F-904B-7C7B7F5D166E}.Debug|Any CPU.ActiveCfg = Debug|Any CPU
		{48508453-A6BD-480F-904B-7C7B7F5D166E}.Debug|Any CPU.Build.0 = Debug|Any CPU
		{48508453-A6BD-480F-904B-7C7B7F5D166E}.Release|Any CPU.ActiveCfg = Release|Any CPU
		{48508453-A6BD-480F-904B-7C7B7F5D166E}.Release|Any CPU.Build.0 = Release|Any CPU
		{5628E869-3FF0-4F71-A8B6-73DC807E28B0}.Debug|Any CPU.ActiveCfg = Debug|Any CPU
		{5628E869-3FF0-4F71-A8B6-73DC807E28B0}.Debug|Any CPU.Build.0 = Debug|Any CPU
		{5628E869-3FF0-4F71-A8B6-73DC807E28B0}.Release|Any CPU.ActiveCfg = Release|Any CPU
		{5628E869-3FF0-4F71-A8B6-73DC807E28B0}.Release|Any CPU.Build.0 = Release|Any CPU
		{609766A9-B5D6-4D71-8F4A-06D6BD1DCE97}.Debug|Any CPU.ActiveCfg = Debug|Any CPU
		{609766A9-B5D6-4D71-8F4A-06D6BD1DCE97}.Debug|Any CPU.Build.0 = Debug|Any CPU
		{609766A9-B5D6-4D71-8F4A-06D6BD1DCE97}.Release|Any CPU.ActiveCfg = Release|Any CPU
		{609766A9-B5D6-4D71-8F4A-06D6BD1DCE97}.Release|Any CPU.Build.0 = Release|Any CPU
	EndGlobalSection
	GlobalSection(SolutionProperties) = preSolution
		HideSolutionNode = FALSE
	EndGlobalSection
	GlobalSection(ExtensibilityGlobals) = postSolution
		SolutionGuid = {A5EB0674-E203-44D7-993E-DE0DD7A754A5}
	EndGlobalSection
EndGlobal
